
Microsoft Visual Studio Solution File, Format Version 12.00
Project("{FAE04EC0-301F-11D3-BF4B-00C04F79EFBC}") = "JsonDataParser", "JsonDataParser.csproj", "{303597F4-DB50-481B-B27D-30F229D51FDC}"
EndProject
Global
	GlobalSection(SolutionConfigurationPlatforms) = preSolution
		Debug|Any CPU = Debug|Any CPU
		Release|Any CPU = Release|Any CPU
	EndGlobalSection
	GlobalSection(ProjectConfigurationPlatforms) = postSolution
		{303597F4-DB50-481B-B27D-30F229D51FDC}.Debug|Any CPU.ActiveCfg = Debug|Any CPU
		{303597F4-DB50-481B-B27D-30F229D51FDC}.Debug|Any CPU.Build.0 = Debug|Any CPU
		{303597F4-DB50-481B-B27D-30F229D51FDC}.Release|Any CPU.ActiveCfg = Release|Any CPU
		{303597F4-DB50-481B-B27D-30F229D51FDC}.Release|Any CPU.Build.0 = Release|Any CPU
	EndGlobalSection
EndGlobal
